// !$*UTF8*$!
{
	archiveVersion = 1;
	classes = {
	};
	objectVersion = 50;
	objects = {

/* Begin PBXBuildFile section */
		55A00A842355AF1D0014D780 /* AppDelegate.swift in Sources */ = {isa = PBXBuildFile; fileRef = 55A00A832355AF1D0014D780 /* AppDelegate.swift */; };
		55A00A862355AF1D0014D780 /* ViewController.swift in Sources */ = {isa = PBXBuildFile; fileRef = 55A00A852355AF1D0014D780 /* ViewController.swift */; };
		55A00A882355AF1F0014D780 /* Assets.xcassets in Resources */ = {isa = PBXBuildFile; fileRef = 55A00A872355AF1F0014D780 /* Assets.xcassets */; };
		55A00A8B2355AF1F0014D780 /* Main.storyboard in Resources */ = {isa = PBXBuildFile; fileRef = 55A00A892355AF1F0014D780 /* Main.storyboard */; };
		55A00A972355AF1F0014D780 /* AlertTests.swift in Sources */ = {isa = PBXBuildFile; fileRef = 55A00A962355AF1F0014D780 /* AlertTests.swift */; };
		55A00AA22355AF1F0014D780 /* AlertUITests.swift in Sources */ = {isa = PBXBuildFile; fileRef = 55A00AA12355AF1F0014D780 /* AlertUITests.swift */; };
/* End PBXBuildFile section */

/* Begin PBXContainerItemProxy section */
		55A00A932355AF1F0014D780 /* PBXContainerItemProxy */ = {
			isa = PBXContainerItemProxy;
			containerPortal = 55A00A782355AF1D0014D780 /* Project object */;
			proxyType = 1;
			remoteGlobalIDString = 55A00A7F2355AF1D0014D780;
			remoteInfo = Alert;
		};
		55A00A9E2355AF1F0014D780 /* PBXContainerItemProxy */ = {
			isa = PBXContainerItemProxy;
			containerPortal = 55A00A782355AF1D0014D780 /* Project object */;
			proxyType = 1;
			remoteGlobalIDString = 55A00A7F2355AF1D0014D780;
			remoteInfo = Alert;
		};
/* End PBXContainerItemProxy section */

/* Begin PBXFileReference section */
		55A00A802355AF1D0014D780 /* Alert.app */ = {isa = PBXFileReference; explicitFileType = wrapper.application; includeInIndex = 0; path = Alert.app; sourceTree = BUILT_PRODUCTS_DIR; };
		55A00A832355AF1D0014D780 /* AppDelegate.swift */ = {isa = PBXFileReference; lastKnownFileType = sourcecode.swift; path = AppDelegate.swift; sourceTree = "<group>"; };
		55A00A852355AF1D0014D780 /* ViewController.swift */ = {isa = PBXFileReference; lastKnownFileType = sourcecode.swift; path = ViewController.swift; sourceTree = "<group>"; };
		55A00A872355AF1F0014D780 /* Assets.xcassets */ = {isa = PBXFileReference; lastKnownFileType = folder.assetcatalog; path = Assets.xcassets; sourceTree = "<group>"; };
		55A00A8A2355AF1F0014D780 /* Base */ = {isa = PBXFileReference; lastKnownFileType = file.storyboard; name = Base; path = Base.lproj/Main.storyboard; sourceTree = "<group>"; };
		55A00A8C2355AF1F0014D780 /* Info.plist */ = {isa = PBXFileReference; lastKnownFileType = text.plist.xml; path = Info.plist; sourceTree = "<group>"; };
		55A00A8D2355AF1F0014D780 /* Alert.entitlements */ = {isa = PBXFileReference; lastKnownFileType = text.plist.entitlements; path = Alert.entitlements; sourceTree = "<group>"; };
		55A00A922355AF1F0014D780 /* AlertTests.xctest */ = {isa = PBXFileReference; explicitFileType = wrapper.cfbundle; includeInIndex = 0; path = AlertTests.xctest; sourceTree = BUILT_PRODUCTS_DIR; };
		55A00A962355AF1F0014D780 /* AlertTests.swift */ = {isa = PBXFileReference; lastKnownFileType = sourcecode.swift; path = AlertTests.swift; sourceTree = "<group>"; };
		55A00A982355AF1F0014D780 /* Info.plist */ = {isa = PBXFileReference; lastKnownFileType = text.plist.xml; path = Info.plist; sourceTree = "<group>"; };
		55A00A9D2355AF1F0014D780 /* AlertUITests.xctest */ = {isa = PBXFileReference; explicitFileType = wrapper.cfbundle; includeInIndex = 0; path = AlertUITests.xctest; sourceTree = BUILT_PRODUCTS_DIR; };
		55A00AA12355AF1F0014D780 /* AlertUITests.swift */ = {isa = PBXFileReference; lastKnownFileType = sourcecode.swift; path = AlertUITests.swift; sourceTree = "<group>"; };
		55A00AA32355AF1F0014D780 /* Info.plist */ = {isa = PBXFileReference; lastKnownFileType = text.plist.xml; path = Info.plist; sourceTree = "<group>"; };
/* End PBXFileReference section */

/* Begin PBXFrameworksBuildPhase section */
		55A00A7D2355AF1D0014D780 /* Frameworks */ = {
			isa = PBXFrameworksBuildPhase;
			buildActionMask = 2147483647;
			files = (
			);
			runOnlyForDeploymentPostprocessing = 0;
		};
		55A00A8F2355AF1F0014D780 /* Frameworks */ = {
			isa = PBXFrameworksBuildPhase;
			buildActionMask = 2147483647;
			files = (
			);
			runOnlyForDeploymentPostprocessing = 0;
		};
		55A00A9A2355AF1F0014D780 /* Frameworks */ = {
			isa = PBXFrameworksBuildPhase;
			buildActionMask = 2147483647;
			files = (
			);
			runOnlyForDeploymentPostprocessing = 0;
		};
/* End PBXFrameworksBuildPhase section */

/* Begin PBXGroup section */
		55A00A772355AF1D0014D780 = {
			isa = PBXGroup;
			children = (
				55A00A822355AF1D0014D780 /* Alert */,
				55A00A952355AF1F0014D780 /* AlertTests */,
				55A00AA02355AF1F0014D780 /* AlertUITests */,
				55A00A812355AF1D0014D780 /* Products */,
			);
			sourceTree = "<group>";
		};
		55A00A812355AF1D0014D780 /* Products */ = {
			isa = PBXGroup;
			children = (
				55A00A802355AF1D0014D780 /* Alert.app */,
				55A00A922355AF1F0014D780 /* AlertTests.xctest */,
				55A00A9D2355AF1F0014D780 /* AlertUITests.xctest */,
			);
			name = Products;
			sourceTree = "<group>";
		};
		55A00A822355AF1D0014D780 /* Alert */ = {
			isa = PBXGroup;
			children = (
				55A00A832355AF1D0014D780 /* AppDelegate.swift */,
				55A00A852355AF1D0014D780 /* ViewController.swift */,
				55A00A872355AF1F0014D780 /* Assets.xcassets */,
				55A00A892355AF1F0014D780 /* Main.storyboard */,
				55A00A8C2355AF1F0014D780 /* Info.plist */,
				55A00A8D2355AF1F0014D780 /* Alert.entitlements */,
			);
			path = Alert;
			sourceTree = "<group>";
		};
		55A00A952355AF1F0014D780 /* AlertTests */ = {
			isa = PBXGroup;
			children = (
				55A00A962355AF1F0014D780 /* AlertTests.swift */,
				55A00A982355AF1F0014D780 /* Info.plist */,
			);
			path = AlertTests;
			sourceTree = "<group>";
		};
		55A00AA02355AF1F0014D780 /* AlertUITests */ = {
			isa = PBXGroup;
			children = (
				55A00AA12355AF1F0014D780 /* AlertUITests.swift */,
				55A00AA32355AF1F0014D780 /* Info.plist */,
			);
			path = AlertUITests;
			sourceTree = "<group>";
		};
/* End PBXGroup section */

/* Begin PBXNativeTarget section */
		55A00A7F2355AF1D0014D780 /* Alert */ = {
			isa = PBXNativeTarget;
			buildConfigurationList = 55A00AA62355AF1F0014D780 /* Build configuration list for PBXNativeTarget "Alert" */;
			buildPhases = (
				55A00A7C2355AF1D0014D780 /* Sources */,
				55A00A7D2355AF1D0014D780 /* Frameworks */,
				55A00A7E2355AF1D0014D780 /* Resources */,
			);
			buildRules = (
			);
			dependencies = (
			);
			name = Alert;
			productName = Alert;
			productReference = 55A00A802355AF1D0014D780 /* Alert.app */;
			productType = "com.apple.product-type.application";
		};
		55A00A912355AF1F0014D780 /* AlertTests */ = {
			isa = PBXNativeTarget;
			buildConfigurationList = 55A00AA92355AF1F0014D780 /* Build configuration list for PBXNativeTarget "AlertTests" */;
			buildPhases = (
				55A00A8E2355AF1F0014D780 /* Sources */,
				55A00A8F2355AF1F0014D780 /* Frameworks */,
				55A00A902355AF1F0014D780 /* Resources */,
			);
			buildRules = (
			);
			dependencies = (
				55A00A942355AF1F0014D780 /* PBXTargetDependency */,
			);
			name = AlertTests;
			productName = AlertTests;
			productReference = 55A00A922355AF1F0014D780 /* AlertTests.xctest */;
			productType = "com.apple.product-type.bundle.unit-test";
		};
		55A00A9C2355AF1F0014D780 /* AlertUITests */ = {
			isa = PBXNativeTarget;
			buildConfigurationList = 55A00AAC2355AF1F0014D780 /* Build configuration list for PBXNativeTarget "AlertUITests" */;
			buildPhases = (
				55A00A992355AF1F0014D780 /* Sources */,
				55A00A9A2355AF1F0014D780 /* Frameworks */,
				55A00A9B2355AF1F0014D780 /* Resources */,
			);
			buildRules = (
			);
			dependencies = (
				55A00A9F2355AF1F0014D780 /* PBXTargetDependency */,
			);
			name = AlertUITests;
			productName = AlertUITests;
			productReference = 55A00A9D2355AF1F0014D780 /* AlertUITests.xctest */;
			productType = "com.apple.product-type.bundle.ui-testing";
		};
/* End PBXNativeTarget section */

/* Begin PBXProject section */
		55A00A782355AF1D0014D780 /* Project object */ = {
			isa = PBXProject;
			attributes = {
				LastSwiftUpdateCheck = 1110;
				LastUpgradeCheck = 1110;
				ORGANIZATIONNAME = dee_wu;
				TargetAttributes = {
					55A00A7F2355AF1D0014D780 = {
						CreatedOnToolsVersion = 11.1;
					};
					55A00A912355AF1F0014D780 = {
						CreatedOnToolsVersion = 11.1;
						TestTargetID = 55A00A7F2355AF1D0014D780;
					};
					55A00A9C2355AF1F0014D780 = {
						CreatedOnToolsVersion = 11.1;
						TestTargetID = 55A00A7F2355AF1D0014D780;
					};
				};
			};
			buildConfigurationList = 55A00A7B2355AF1D0014D780 /* Build configuration list for PBXProject "Alert" */;
			compatibilityVersion = "Xcode 9.3";
			developmentRegion = en;
			hasScannedForEncodings = 0;
			knownRegions = (
				en,
				Base,
			);
			mainGroup = 55A00A772355AF1D0014D780;
			productRefGroup = 55A00A812355AF1D0014D780 /* Products */;
			projectDirPath = "";
			projectRoot = "";
			targets = (
				55A00A7F2355AF1D0014D780 /* Alert */,
				55A00A912355AF1F0014D780 /* AlertTests */,
				55A00A9C2355AF1F0014D780 /* AlertUITests */,
			);
		};
/* End PBXProject section */

/* Begin PBXResourcesBuildPhase section */
		55A00A7E2355AF1D0014D780 /* Resources */ = {
			isa = PBXResourcesBuildPhase;
			buildActionMask = 2147483647;
			files = (
				55A00A882355AF1F0014D780 /* Assets.xcassets in Resources */,
				55A00A8B2355AF1F0014D780 /* Main.storyboard in Resources */,
			);
			runOnlyForDeploymentPostprocessing = 0;
		};
		55A00A902355AF1F0014D780 /* Resources */ = {
			isa = PBXResourcesBuildPhase;
			buildActionMask = 2147483647;
			files = (
			);
			runOnlyForDeploymentPostprocessing = 0;
		};
		55A00A9B2355AF1F0014D780 /* Resources */ = {
			isa = PBXResourcesBuildPhase;
			buildActionMask = 2147483647;
			files = (
			);
			runOnlyForDeploymentPostprocessing = 0;
		};
/* End PBXResourcesBuildPhase section */

/* Begin PBXSourcesBuildPhase section */
		55A00A7C2355AF1D0014D780 /* Sources */ = {
			isa = PBXSourcesBuildPhase;
			buildActionMask = 2147483647;
			files = (
				55A00A862355AF1D0014D780 /* ViewController.swift in Sources */,
				55A00A842355AF1D0014D780 /* AppDelegate.swift in Sources */,
			);
			runOnlyForDeploymentPostprocessing = 0;
		};
		55A00A8E2355AF1F0014D780 /* Sources */ = {
			isa = PBXSourcesBuildPhase;
			buildActionMask = 2147483647;
			files = (
				55A00A972355AF1F0014D780 /* AlertTests.swift in Sources */,
			);
			runOnlyForDeploymentPostprocessing = 0;
		};
		55A00A992355AF1F0014D780 /* Sources */ = {
			isa = PBXSourcesBuildPhase;
			buildActionMask = 2147483647;
			files = (
				55A00AA22355AF1F0014D780 /* AlertUITests.swift in Sources */,
			);
			runOnlyForDeploymentPostprocessing = 0;
		};
/* End PBXSourcesBuildPhase section */

/* Begin PBXTargetDependency section */
		55A00A942355AF1F0014D780 /* PBXTargetDependency */ = {
			isa = PBXTargetDependency;
			target = 55A00A7F2355AF1D0014D780 /* Alert */;
			targetProxy = 55A00A932355AF1F0014D780 /* PBXContainerItemProxy */;
		};
		55A00A9F2355AF1F0014D780 /* PBXTargetDependency */ = {
			isa = PBXTargetDependency;
			target = 55A00A7F2355AF1D0014D780 /* Alert */;
			targetProxy = 55A00A9E2355AF1F0014D780 /* PBXContainerItemProxy */;
		};
/* End PBXTargetDependency section */

/* Begin PBXVariantGroup section */
		55A00A892355AF1F0014D780 /* Main.storyboard */ = {
			isa = PBXVariantGroup;
			children = (
				55A00A8A2355AF1F0014D780 /* Base */,
			);
			name = Main.storyboard;
			sourceTree = "<group>";
		};
/* End PBXVariantGroup section */

/* Begin XCBuildConfiguration section */
		55A00AA42355AF1F0014D780 /* Debug */ = {
			isa = XCBuildConfiguration;
			buildSettings = {
				ALWAYS_SEARCH_USER_PATHS = NO;
				CLANG_ANALYZER_NONNULL = YES;
				CLANG_ANALYZER_NUMBER_OBJECT_CONVERSION = YES_AGGRESSIVE;
				CLANG_CXX_LANGUAGE_STANDARD = "gnu++14";
				CLANG_CXX_LIBRARY = "libc++";
				CLANG_ENABLE_MODULES = YES;
				CLANG_ENABLE_OBJC_ARC = YES;
				CLANG_ENABLE_OBJC_WEAK = YES;
				CLANG_WARN_BLOCK_CAPTURE_AUTORELEASING = YES;
				CLANG_WARN_BOOL_CONVERSION = YES;
				CLANG_WARN_COMMA = YES;
				CLANG_WARN_CONSTANT_CONVERSION = YES;
				CLANG_WARN_DEPRECATED_OBJC_IMPLEMENTATIONS = YES;
				CLANG_WARN_DIRECT_OBJC_ISA_USAGE = YES_ERROR;
				CLANG_WARN_DOCUMENTATION_COMMENTS = YES;
				CLANG_WARN_EMPTY_BODY = YES;
				CLANG_WARN_ENUM_CONVERSION = YES;
				CLANG_WARN_INFINITE_RECURSION = YES;
				CLANG_WARN_INT_CONVERSION = YES;
				CLANG_WARN_NON_LITERAL_NULL_CONVERSION = YES;
				CLANG_WARN_OBJC_IMPLICIT_RETAIN_SELF = YES;
				CLANG_WARN_OBJC_LITERAL_CONVERSION = YES;
				CLANG_WARN_OBJC_ROOT_CLASS = YES_ERROR;
				CLANG_WARN_RANGE_LOOP_ANALYSIS = YES;
				CLANG_WARN_STRICT_PROTOTYPES = YES;
				CLANG_WARN_SUSPICIOUS_MOVE = YES;
				CLANG_WARN_UNGUARDED_AVAILABILITY = YES_AGGRESSIVE;
				CLANG_WARN_UNREACHABLE_CODE = YES;
				CLANG_WARN__DUPLICATE_METHOD_MATCH = YES;
				COPY_PHASE_STRIP = NO;
				DEBUG_INFORMATION_FORMAT = dwarf;
				ENABLE_STRICT_OBJC_MSGSEND = YES;
				ENABLE_TESTABILITY = YES;
				GCC_C_LANGUAGE_STANDARD = gnu11;
				GCC_DYNAMIC_NO_PIC = NO;
				GCC_NO_COMMON_BLOCKS = YES;
				GCC_OPTIMIZATION_LEVEL = 0;
				GCC_PREPROCESSOR_DEFINITIONS = (
					"DEBUG=1",
					"$(inherited)",
				);
				GCC_WARN_64_TO_32_BIT_CONVERSION = YES;
				GCC_WARN_ABOUT_RETURN_TYPE = YES_ERROR;
				GCC_WARN_UNDECLARED_SELECTOR = YES;
				GCC_WARN_UNINITIALIZED_AUTOS = YES_AGGRESSIVE;
				GCC_WARN_UNUSED_FUNCTION = YES;
				GCC_WARN_UNUSED_VARIABLE = YES;
				MACOSX_DEPLOYMENT_TARGET = 10.15;
				MTL_ENABLE_DEBUG_INFO = INCLUDE_SOURCE;
				MTL_FAST_MATH = YES;
				ONLY_ACTIVE_ARCH = YES;
				SDKROOT = macosx;
				SWIFT_ACTIVE_COMPILATION_CONDITIONS = DEBUG;
				SWIFT_OPTIMIZATION_LEVEL = "-Onone";
			};
			name = Debug;
		};
		55A00AA52355AF1F0014D780 /* Release */ = {
			isa = XCBuildConfiguration;
			buildSettings = {
				ALWAYS_SEARCH_USER_PATHS = NO;
				CLANG_ANALYZER_NONNULL = YES;
				CLANG_ANALYZER_NUMBER_OBJECT_CONVERSION = YES_AGGRESSIVE;
				CLANG_CXX_LANGUAGE_STANDARD = "gnu++14";
				CLANG_CXX_LIBRARY = "libc++";
				CLANG_ENABLE_MODULES = YES;
				CLANG_ENABLE_OBJC_ARC = YES;
				CLANG_ENABLE_OBJC_WEAK = YES;
				CLANG_WARN_BLOCK_CAPTURE_AUTORELEASING = YES;
				CLANG_WARN_BOOL_CONVERSION = YES;
				CLANG_WARN_COMMA = YES;
				CLANG_WARN_CONSTANT_CONVERSION = YES;
				CLANG_WARN_DEPRECATED_OBJC_IMPLEMENTATIONS = YES;
				CLANG_WARN_DIRECT_OBJC_ISA_USAGE = YES_ERROR;
				CLANG_WARN_DOCUMENTATION_COMMENTS = YES;
				CLANG_WARN_EMPTY_BODY = YES;
				CLANG_WARN_ENUM_CONVERSION = YES;
				CLANG_WARN_INFINITE_RECURSION = YES;
				CLANG_WARN_INT_CONVERSION = YES;
				CLANG_WARN_NON_LITERAL_NULL_CONVERSION = YES;
				CLANG_WARN_OBJC_IMPLICIT_RETAIN_SELF = YES;
				CLANG_WARN_OBJC_LITERAL_CONVERSION = YES;
				CLANG_WARN_OBJC_ROOT_CLASS = YES_ERROR;
				CLANG_WARN_RANGE_LOOP_ANALYSIS = YES;
				CLANG_WARN_STRICT_PROTOTYPES = YES;
				CLANG_WARN_SUSPICIOUS_MOVE = YES;
				CLANG_WARN_UNGUARDED_AVAILABILITY = YES_AGGRESSIVE;
				CLANG_WARN_UNREACHABLE_CODE = YES;
				CLANG_WARN__DUPLICATE_METHOD_MATCH = YES;
				COPY_PHASE_STRIP = NO;
				DEBUG_INFORMATION_FORMAT = "dwarf-with-dsym";
				ENABLE_NS_ASSERTIONS = NO;
				ENABLE_STRICT_OBJC_MSGSEND = YES;
				GCC_C_LANGUAGE_STANDARD = gnu11;
				GCC_NO_COMMON_BLOCKS = YES;
				GCC_WARN_64_TO_32_BIT_CONVERSION = YES;
				GCC_WARN_ABOUT_RETURN_TYPE = YES_ERROR;
				GCC_WARN_UNDECLARED_SELECTOR = YES;
				GCC_WARN_UNINITIALIZED_AUTOS = YES_AGGRESSIVE;
				GCC_WARN_UNUSED_FUNCTION = YES;
				GCC_WARN_UNUSED_VARIABLE = YES;
				MACOSX_DEPLOYMENT_TARGET = 10.15;
				MTL_ENABLE_DEBUG_INFO = NO;
				MTL_FAST_MATH = YES;
				SDKROOT = macosx;
				SWIFT_COMPILATION_MODE = wholemodule;
				SWIFT_OPTIMIZATION_LEVEL = "-O";
			};
			name = Release;
		};
		55A00AA72355AF1F0014D780 /* Debug */ = {
			isa = XCBuildConfiguration;
			buildSettings = {
				ASSETCATALOG_COMPILER_APPICON_NAME = AppIcon;
				CODE_SIGN_ENTITLEMENTS = Alert/Alert.entitlements;
				CODE_SIGN_STYLE = Automatic;
				COMBINE_HIDPI_IMAGES = YES;
				INFOPLIST_FILE = Alert/Info.plist;
				LD_RUNPATH_SEARCH_PATHS = (
					"$(inherited)",
					"@executable_path/../Frameworks",
				);
				PRODUCT_BUNDLE_IDENTIFIER = com.example.Alert;
				PRODUCT_NAME = "$(TARGET_NAME)";
				SWIFT_VERSION = 5.0;
			};
			name = Debug;
		};
		55A00AA82355AF1F0014D780 /* Release */ = {
			isa = XCBuildConfiguration;
			buildSettings = {
				ASSETCATALOG_COMPILER_APPICON_NAME = AppIcon;
				CODE_SIGN_ENTITLEMENTS = Alert/Alert.entitlements;
				CODE_SIGN_STYLE = Automatic;
				COMBINE_HIDPI_IMAGES = YES;
				INFOPLIST_FILE = Alert/Info.plist;
				LD_RUNPATH_SEARCH_PATHS = (
					"$(inherited)",
					"@executable_path/../Frameworks",
				);
				PRODUCT_BUNDLE_IDENTIFIER = com.example.Alert;
				PRODUCT_NAME = "$(TARGET_NAME)";
				SWIFT_VERSION = 5.0;
			};
			name = Release;
		};
		55A00AAA2355AF1F0014D780 /* Debug */ = {
			isa = XCBuildConfiguration;
			buildSettings = {
				ALWAYS_EMBED_SWIFT_STANDARD_LIBRARIES = YES;
				BUNDLE_LOADER = "$(TEST_HOST)";
				CODE_SIGN_STYLE = Automatic;
				COMBINE_HIDPI_IMAGES = YES;
				INFOPLIST_FILE = AlertTests/Info.plist;
				LD_RUNPATH_SEARCH_PATHS = (
					"$(inherited)",
					"@executable_path/../Frameworks",
					"@loader_path/../Frameworks",
				);
				MACOSX_DEPLOYMENT_TARGET = 10.15;
				PRODUCT_BUNDLE_IDENTIFIER = com.example.AlertTests;
				PRODUCT_NAME = "$(TARGET_NAME)";
				SWIFT_VERSION = 5.0;
				TEST_HOST = "$(BUILT_PRODUCTS_DIR)/Alert.app/Contents/MacOS/Alert";
			};
			name = Debug;
		};
		55A00AAB2355AF1F0014D780 /* Release */ = {
			isa = XCBuildConfiguration;
			buildSettings = {
				ALWAYS_EMBED_SWIFT_STANDARD_LIBRARIES = YES;
				BUNDLE_LOADER = "$(TEST_HOST)";
				CODE_SIGN_STYLE = Automatic;
				COMBINE_HIDPI_IMAGES = YES;
				INFOPLIST_FILE = AlertTests/Info.plist;
				LD_RUNPATH_SEARCH_PATHS = (
					"$(inherited)",
					"@executable_path/../Frameworks",
					"@loader_path/../Frameworks",
				);
				MACOSX_DEPLOYMENT_TARGET = 10.15;
				PRODUCT_BUNDLE_IDENTIFIER = com.example.AlertTests;
				PRODUCT_NAME = "$(TARGET_NAME)";
				SWIFT_VERSION = 5.0;
				TEST_HOST = "$(BUILT_PRODUCTS_DIR)/Alert.app/Contents/MacOS/Alert";
			};
			name = Release;
		};
		55A00AAD2355AF1F0014D780 /* Debug */ = {
			isa = XCBuildConfiguration;
			buildSettings = {
				ALWAYS_EMBED_SWIFT_STANDARD_LIBRARIES = YES;
				CODE_SIGN_STYLE = Automatic;
				COMBINE_HIDPI_IMAGES = YES;
				INFOPLIST_FILE = AlertUITests/Info.plist;
				LD_RUNPATH_SEARCH_PATHS = (
					"$(inherited)",
					"@executable_path/../Frameworks",
					"@loader_path/../Frameworks",
				);
				PRODUCT_BUNDLE_IDENTIFIER = com.example.AlertUITests;
				PRODUCT_NAME = "$(TARGET_NAME)";
				SWIFT_VERSION = 5.0;
				TEST_TARGET_NAME = Alert;
			};
			name = Debug;
		};
		55A00AAE2355AF1F0014D780 /* Release */ = {
			isa = XCBuildConfiguration;
			buildSettings = {
				ALWAYS_EMBED_SWIFT_STANDARD_LIBRARIES = YES;
				CODE_SIGN_STYLE = Automatic;
				COMBINE_HIDPI_IMAGES = YES;
				INFOPLIST_FILE = AlertUITests/Info.plist;
				LD_RUNPATH_SEARCH_PATHS = (
					"$(inherited)",
					"@executable_path/../Frameworks",
					"@loader_path/../Frameworks",
				);
				PRODUCT_BUNDLE_IDENTIFIER = com.example.AlertUITests;
				PRODUCT_NAME = "$(TARGET_NAME)";
				SWIFT_VERSION = 5.0;
				TEST_TARGET_NAME = Alert;
			};
			name = Release;
		};
/* End XCBuildConfiguration section */

/* Begin XCConfigurationList section */
		55A00A7B2355AF1D0014D780 /* Build configuration list for PBXProject "Alert" */ = {
			isa = XCConfigurationList;
			buildConfigurations = (
				55A00AA42355AF1F0014D780 /* Debug */,
				55A00AA52355AF1F0014D780 /* Release */,
			);
			defaultConfigurationIsVisible = 0;
			defaultConfigurationName = Release;
		};
		55A00AA62355AF1F0014D780 /* Build configuration list for PBXNativeTarget "Alert" */ = {
			isa = XCConfigurationList;
			buildConfigurations = (
				55A00AA72355AF1F0014D780 /* Debug */,
				55A00AA82355AF1F0014D780 /* Release */,
			);
			defaultConfigurationIsVisible = 0;
			defaultConfigurationName = Release;
		};
		55A00AA92355AF1F0014D780 /* Build configuration list for PBXNativeTarget "AlertTests" */ = {
			isa = XCConfigurationList;
			buildConfigurations = (
				55A00AAA2355AF1F0014D780 /* Debug */,
				55A00AAB2355AF1F0014D780 /* Release */,
			);
			defaultConfigurationIsVisible = 0;
			defaultConfigurationName = Release;
		};
		55A00AAC2355AF1F0014D780 /* Build configuration list for PBXNativeTarget "AlertUITests" */ = {
			isa = XCConfigurationList;
			buildConfigurations = (
				55A00AAD2355AF1F0014D780 /* Debug */,
				55A00AAE2355AF1F0014D780 /* Release */,
			);
			defaultConfigurationIsVisible = 0;
			defaultConfigurationName = Release;
		};
/* End XCConfigurationList section */
	};
	rootObject = 55A00A782355AF1D0014D780 /* Project object */;
}
